// !$*UTF8*$!
{
	archiveVersion = 1;
	classes = {
	};
	objectVersion = 46;
	objects = {

/* Begin PBXBuildFile section */
		440432A9218CE5AA0083507F /* Main.storyboard in Resources */ = {isa = PBXBuildFile; fileRef = 440432A7218CE5AA0083507F /* Main.storyboard */; };
		4432AE9D1F02EBD000A92B39 /* FraudForce.framework in Frameworks */ = {isa = PBXBuildFile; fileRef = 4432AE9C1F02EBD000A92B39 /* FraudForce.framework */; };
		4432AE9E1F02EBD000A92B39 /* FraudForce.framework in Embed Frameworks */ = {isa = PBXBuildFile; fileRef = 4432AE9C1F02EBD000A92B39 /* FraudForce.framework */; settings = {ATTRIBUTES = (CodeSignOnCopy, RemoveHeadersOnCopy, ); }; };
		637D70861B9F97090077CBCE /* SampleWebKitViewController.m in Sources */ = {isa = PBXBuildFile; fileRef = 637D70851B9F97090077CBCE /* SampleWebKitViewController.m */; };
		63A1357319DF482F007E060D /* webkit.html in Resources */ = {isa = PBXBuildFile; fileRef = 63A1357119DF482F007E060D /* webkit.html */; };
		63E92C2C1901C5BB00F2D445 /* CoreLocation.framework in Frameworks */ = {isa = PBXBuildFile; fileRef = 63E92C2B1901C5BB00F2D445 /* CoreLocation.framework */; };
		63E92C2E1901C5C400F2D445 /* AdSupport.framework in Frameworks */ = {isa = PBXBuildFile; fileRef = 63E92C2D1901C5C400F2D445 /* AdSupport.framework */; settings = {ATTRIBUTES = (Weak, ); }; };
		63F638F31A78441200A5DD49 /* WebKit.framework in Frameworks */ = {isa = PBXBuildFile; fileRef = 63F638F21A78441200A5DD49 /* WebKit.framework */; settings = {ATTRIBUTES = (Weak, ); }; };
		6497814C17E10C4300DC9FF9 /* InfoPlist.strings in Resources */ = {isa = PBXBuildFile; fileRef = 6497814A17E10C4300DC9FF9 /* InfoPlist.strings */; };
		6497814E17E10C4300DC9FF9 /* main.m in Sources */ = {isa = PBXBuildFile; fileRef = 6497814D17E10C4300DC9FF9 /* main.m */; };
		6497815217E10C4300DC9FF9 /* AppDelegate.m in Sources */ = {isa = PBXBuildFile; fileRef = 6497815117E10C4300DC9FF9 /* AppDelegate.m */; };
		6497815B17E10C4300DC9FF9 /* SampleUIKitViewController.m in Sources */ = {isa = PBXBuildFile; fileRef = 6497815A17E10C4300DC9FF9 /* SampleUIKitViewController.m */; };
		6497815D17E10C4300DC9FF9 /* Images.xcassets in Resources */ = {isa = PBXBuildFile; fileRef = 6497815C17E10C4300DC9FF9 /* Images.xcassets */; };
		6497816417E10C4300DC9FF9 /* XCTest.framework in Frameworks */ = {isa = PBXBuildFile; fileRef = 6497816317E10C4300DC9FF9 /* XCTest.framework */; };
		6497816517E10C4300DC9FF9 /* Foundation.framework in Frameworks */ = {isa = PBXBuildFile; fileRef = 6497814117E10C4300DC9FF9 /* Foundation.framework */; };
		6497816617E10C4300DC9FF9 /* UIKit.framework in Frameworks */ = {isa = PBXBuildFile; fileRef = 6497814517E10C4300DC9FF9 /* UIKit.framework */; };
		6497816E17E10C4300DC9FF9 /* InfoPlist.strings in Resources */ = {isa = PBXBuildFile; fileRef = 6497816C17E10C4300DC9FF9 /* InfoPlist.strings */; };
		6497817017E10C4300DC9FF9 /* iovSampleTests.m in Sources */ = {isa = PBXBuildFile; fileRef = 6497816F17E10C4300DC9FF9 /* iovSampleTests.m */; };
/* End PBXBuildFile section */

/* Begin PBXContainerItemProxy section */
		6497816717E10C4300DC9FF9 /* PBXContainerItemProxy */ = {
			isa = PBXContainerItemProxy;
			containerPortal = 6497813617E10C4300DC9FF9 /* Project object */;
			proxyType = 1;
			remoteGlobalIDString = 6497813D17E10C4300DC9FF9;
			remoteInfo = iovSample;
		};
/* End PBXContainerItemProxy section */

/* Begin PBXCopyFilesBuildPhase section */
		4432AE9F1F02EBD000A92B39 /* Embed Frameworks */ = {
			isa = PBXCopyFilesBuildPhase;
			buildActionMask = 2147483647;
			dstPath = "";
			dstSubfolderSpec = 10;
			files = (
				4432AE9E1F02EBD000A92B39 /* FraudForce.framework in Embed Frameworks */,
			);
			name = "Embed Frameworks";
			runOnlyForDeploymentPostprocessing = 0;
		};
/* End PBXCopyFilesBuildPhase section */

/* Begin PBXFileReference section */
		440432A8218CE5AA0083507F /* en */ = {isa = PBXFileReference; lastKnownFileType = file.storyboard; name = en; path = en.lproj/Main.storyboard; sourceTree = "<group>"; };
		442D073D1DC902D80092F73A /* Security.framework */ = {isa = PBXFileReference; lastKnownFileType = wrapper.framework; name = Security.framework; path = System/Library/Frameworks/Security.framework; sourceTree = SDKROOT; };
		4432AE951F01963200A92B39 /* add-framework-symbols-to-app-archive.sh */ = {isa = PBXFileReference; lastKnownFileType = text.script.sh; name = "add-framework-symbols-to-app-archive.sh"; path = "bin/add-framework-symbols-to-app-archive.sh"; sourceTree = "<group>"; };
		4432AE961F01963200A92B39 /* slim-build-frameworks.sh */ = {isa = PBXFileReference; lastKnownFileType = text.script.sh; name = "slim-build-frameworks.sh"; path = "bin/slim-build-frameworks.sh"; sourceTree = "<group>"; };
		4432AE9C1F02EBD000A92B39 /* FraudForce.framework */ = {isa = PBXFileReference; lastKnownFileType = wrapper.framework; name = FraudForce.framework; path = "Frameworks-build/FraudForce.framework"; sourceTree = "<group>"; };
		634D32421BC72EAB00AD74C4 /* iovSample.entitlements */ = {isa = PBXFileReference; lastKnownFileType = text.xml; path = iovSample.entitlements; sourceTree = "<group>"; };
		637D70841B9F97090077CBCE /* SampleWebKitViewController.h */ = {isa = PBXFileReference; fileEncoding = 4; lastKnownFileType = sourcecode.c.h; path = SampleWebKitViewController.h; sourceTree = "<group>"; };
		637D70851B9F97090077CBCE /* SampleWebKitViewController.m */ = {isa = PBXFileReference; fileEncoding = 4; lastKnownFileType = sourcecode.c.objc; path = SampleWebKitViewController.m; sourceTree = "<group>"; };
		63A1357119DF482F007E060D /* webkit.html */ = {isa = PBXFileReference; fileEncoding = 4; lastKnownFileType = text.html; path = webkit.html; sourceTree = "<group>"; };
		63CB69ED1A732718002C8E47 /* SystemConfiguration.framework */ = {isa = PBXFileReference; lastKnownFileType = wrapper.framework; name = SystemConfiguration.framework; path = System/Library/Frameworks/SystemConfiguration.framework; sourceTree = SDKROOT; };
		63E92C271901C5A900F2D445 /* CoreTelephony.framework */ = {isa = PBXFileReference; lastKnownFileType = wrapper.framework; name = CoreTelephony.framework; path = System/Library/Frameworks/CoreTelephony.framework; sourceTree = SDKROOT; };
		63E92C2B1901C5BB00F2D445 /* CoreLocation.framework */ = {isa = PBXFileReference; lastKnownFileType = wrapper.framework; name = CoreLocation.framework; path = System/Library/Frameworks/CoreLocation.framework; sourceTree = SDKROOT; };
		63E92C2D1901C5C400F2D445 /* AdSupport.framework */ = {isa = PBXFileReference; lastKnownFileType = wrapper.framework; name = AdSupport.framework; path = System/Library/Frameworks/AdSupport.framework; sourceTree = SDKROOT; };
		63F638F21A78441200A5DD49 /* WebKit.framework */ = {isa = PBXFileReference; lastKnownFileType = wrapper.framework; name = WebKit.framework; path = System/Library/Frameworks/WebKit.framework; sourceTree = SDKROOT; };
		63FA73861B34C5080093AC1B /* iovSampleTests.js */ = {isa = PBXFileReference; lastKnownFileType = sourcecode.javascript; path = iovSampleTests.js; sourceTree = "<group>"; };
		6497813E17E10C4300DC9FF9 /* iovSample.app */ = {isa = PBXFileReference; explicitFileType = wrapper.application; includeInIndex = 0; path = iovSample.app; sourceTree = BUILT_PRODUCTS_DIR; };
		6497814117E10C4300DC9FF9 /* Foundation.framework */ = {isa = PBXFileReference; lastKnownFileType = wrapper.framework; name = Foundation.framework; path = System/Library/Frameworks/Foundation.framework; sourceTree = SDKROOT; };
		6497814517E10C4300DC9FF9 /* UIKit.framework */ = {isa = PBXFileReference; lastKnownFileType = wrapper.framework; name = UIKit.framework; path = System/Library/Frameworks/UIKit.framework; sourceTree = SDKROOT; };
		6497814917E10C4300DC9FF9 /* iovSample-Info.plist */ = {isa = PBXFileReference; lastKnownFileType = text.plist.xml; path = "iovSample-Info.plist"; sourceTree = "<group>"; };
		6497814B17E10C4300DC9FF9 /* en */ = {isa = PBXFileReference; lastKnownFileType = text.plist.strings; name = en; path = en.lproj/InfoPlist.strings; sourceTree = "<group>"; };
		6497814D17E10C4300DC9FF9 /* main.m */ = {isa = PBXFileReference; lastKnownFileType = sourcecode.c.objc; path = main.m; sourceTree = "<group>"; };
		6497814F17E10C4300DC9FF9 /* iovSample-Prefix.pch */ = {isa = PBXFileReference; lastKnownFileType = sourcecode.c.h; path = "iovSample-Prefix.pch"; sourceTree = "<group>"; };
		6497815017E10C4300DC9FF9 /* AppDelegate.h */ = {isa = PBXFileReference; lastKnownFileType = sourcecode.c.h; path = AppDelegate.h; sourceTree = "<group>"; };
		6497815117E10C4300DC9FF9 /* AppDelegate.m */ = {isa = PBXFileReference; lastKnownFileType = sourcecode.c.objc; path = AppDelegate.m; sourceTree = "<group>"; };
		6497815917E10C4300DC9FF9 /* SampleUIKitViewController.h */ = {isa = PBXFileReference; lastKnownFileType = sourcecode.c.h; path = SampleUIKitViewController.h; sourceTree = "<group>"; };
		6497815A17E10C4300DC9FF9 /* SampleUIKitViewController.m */ = {isa = PBXFileReference; lastKnownFileType = sourcecode.c.objc; path = SampleUIKitViewController.m; sourceTree = "<group>"; };
		6497815C17E10C4300DC9FF9 /* Images.xcassets */ = {isa = PBXFileReference; lastKnownFileType = folder.assetcatalog; path = Images.xcassets; sourceTree = "<group>"; };
		6497816217E10C4300DC9FF9 /* iovSampleTests.xctest */ = {isa = PBXFileReference; explicitFileType = wrapper.cfbundle; includeInIndex = 0; path = iovSampleTests.xctest; sourceTree = BUILT_PRODUCTS_DIR; };
		6497816317E10C4300DC9FF9 /* XCTest.framework */ = {isa = PBXFileReference; lastKnownFileType = wrapper.framework; name = XCTest.framework; path = Library/Frameworks/XCTest.framework; sourceTree = DEVELOPER_DIR; };
		6497816B17E10C4300DC9FF9 /* iovSampleTests-Info.plist */ = {isa = PBXFileReference; lastKnownFileType = text.plist.xml; path = "iovSampleTests-Info.plist"; sourceTree = "<group>"; };
		6497816D17E10C4300DC9FF9 /* en */ = {isa = PBXFileReference; lastKnownFileType = text.plist.strings; name = en; path = en.lproj/InfoPlist.strings; sourceTree = "<group>"; };
		6497816F17E10C4300DC9FF9 /* iovSampleTests.m */ = {isa = PBXFileReference; lastKnownFileType = sourcecode.c.objc; path = iovSampleTests.m; sourceTree = "<group>"; };
/* End PBXFileReference section */

/* Begin PBXFrameworksBuildPhase section */
		6497813B17E10C4300DC9FF9 /* Frameworks */ = {
			isa = PBXFrameworksBuildPhase;
			buildActionMask = 2147483647;
			files = (
				63F638F31A78441200A5DD49 /* WebKit.framework in Frameworks */,
				4432AE9D1F02EBD000A92B39 /* FraudForce.framework in Frameworks */,
				63E92C2E1901C5C400F2D445 /* AdSupport.framework in Frameworks */,
				63E92C2C1901C5BB00F2D445 /* CoreLocation.framework in Frameworks */,
			);
			runOnlyForDeploymentPostprocessing = 0;
		};
		6497815F17E10C4300DC9FF9 /* Frameworks */ = {
			isa = PBXFrameworksBuildPhase;
			buildActionMask = 2147483647;
			files = (
				6497816417E10C4300DC9FF9 /* XCTest.framework in Frameworks */,
				6497816617E10C4300DC9FF9 /* UIKit.framework in Frameworks */,
				6497816517E10C4300DC9FF9 /* Foundation.framework in Frameworks */,
			);
			runOnlyForDeploymentPostprocessing = 0;
		};
/* End PBXFrameworksBuildPhase section */

/* Begin PBXGroup section */
		4432AE931F0195D000A92B39 /* bin */ = {
			isa = PBXGroup;
			children = (
				4432AE951F01963200A92B39 /* add-framework-symbols-to-app-archive.sh */,
				4432AE961F01963200A92B39 /* slim-build-frameworks.sh */,
			);
			name = bin;
			sourceTree = "<group>";
		};
		6497813517E10C4300DC9FF9 = {
			isa = PBXGroup;
			children = (
				4432AE931F0195D000A92B39 /* bin */,
				6497814717E10C4300DC9FF9 /* iovSample */,
				6497816917E10C4300DC9FF9 /* iovSampleTests */,
				6497814017E10C4300DC9FF9 /* Frameworks */,
				6497813F17E10C4300DC9FF9 /* Products */,
			);
			sourceTree = "<group>";
		};
		6497813F17E10C4300DC9FF9 /* Products */ = {
			isa = PBXGroup;
			children = (
				6497813E17E10C4300DC9FF9 /* iovSample.app */,
				6497816217E10C4300DC9FF9 /* iovSampleTests.xctest */,
			);
			name = Products;
			sourceTree = "<group>";
		};
		6497814017E10C4300DC9FF9 /* Frameworks */ = {
			isa = PBXGroup;
			children = (
				442D073D1DC902D80092F73A /* Security.framework */,
				63F638F21A78441200A5DD49 /* WebKit.framework */,
				63CB69ED1A732718002C8E47 /* SystemConfiguration.framework */,
				63E92C2D1901C5C400F2D445 /* AdSupport.framework */,
				4432AE9C1F02EBD000A92B39 /* FraudForce.framework */,
				63E92C2B1901C5BB00F2D445 /* CoreLocation.framework */,
				63E92C271901C5A900F2D445 /* CoreTelephony.framework */,
				6497814117E10C4300DC9FF9 /* Foundation.framework */,
				6497814517E10C4300DC9FF9 /* UIKit.framework */,
				6497816317E10C4300DC9FF9 /* XCTest.framework */,
			);
			name = Frameworks;
			sourceTree = "<group>";
		};
		6497814717E10C4300DC9FF9 /* iovSample */ = {
			isa = PBXGroup;
			children = (
				634D32421BC72EAB00AD74C4 /* iovSample.entitlements */,
				6497815017E10C4300DC9FF9 /* AppDelegate.h */,
				6497815117E10C4300DC9FF9 /* AppDelegate.m */,
				6497815917E10C4300DC9FF9 /* SampleUIKitViewController.h */,
				6497815A17E10C4300DC9FF9 /* SampleUIKitViewController.m */,
				637D70841B9F97090077CBCE /* SampleWebKitViewController.h */,
				637D70851B9F97090077CBCE /* SampleWebKitViewController.m */,
				440432A7218CE5AA0083507F /* Main.storyboard */,
				6497815C17E10C4300DC9FF9 /* Images.xcassets */,
				6497814817E10C4300DC9FF9 /* Supporting Files */,
			);
			path = iovSample;
			sourceTree = "<group>";
		};
		6497814817E10C4300DC9FF9 /* Supporting Files */ = {
			isa = PBXGroup;
			children = (
				63A1357119DF482F007E060D /* webkit.html */,
				6497814917E10C4300DC9FF9 /* iovSample-Info.plist */,
				6497814A17E10C4300DC9FF9 /* InfoPlist.strings */,
				6497814D17E10C4300DC9FF9 /* main.m */,
				6497814F17E10C4300DC9FF9 /* iovSample-Prefix.pch */,
			);
			name = "Supporting Files";
			sourceTree = "<group>";
		};
		6497816917E10C4300DC9FF9 /* iovSampleTests */ = {
			isa = PBXGroup;
			children = (
				63FA73861B34C5080093AC1B /* iovSampleTests.js */,
				6497816F17E10C4300DC9FF9 /* iovSampleTests.m */,
				6497816A17E10C4300DC9FF9 /* Supporting Files */,
			);
			path = iovSampleTests;
			sourceTree = "<group>";
		};
		6497816A17E10C4300DC9FF9 /* Supporting Files */ = {
			isa = PBXGroup;
			children = (
				6497816B17E10C4300DC9FF9 /* iovSampleTests-Info.plist */,
				6497816C17E10C4300DC9FF9 /* InfoPlist.strings */,
			);
			name = "Supporting Files";
			sourceTree = "<group>";
		};
/* End PBXGroup section */

/* Begin PBXNativeTarget section */
		6497813D17E10C4300DC9FF9 /* iovSample */ = {
			isa = PBXNativeTarget;
			buildConfigurationList = 6497817317E10C4300DC9FF9 /* Build configuration list for PBXNativeTarget "iovSample" */;
			buildPhases = (
				4432AEA01F02EC9500A92B39 /* Slim Frameworks For Build */,
				6497813A17E10C4300DC9FF9 /* Sources */,
				6497813B17E10C4300DC9FF9 /* Frameworks */,
				6497813C17E10C4300DC9FF9 /* Resources */,
				4432AE9F1F02EBD000A92B39 /* Embed Frameworks */,
			);
			buildRules = (
			);
			dependencies = (
			);
			name = iovSample;
			productName = iovSample;
			productReference = 6497813E17E10C4300DC9FF9 /* iovSample.app */;
			productType = "com.apple.product-type.application";
		};
		6497816117E10C4300DC9FF9 /* iovSampleTests */ = {
			isa = PBXNativeTarget;
			buildConfigurationList = 6497817617E10C4300DC9FF9 /* Build configuration list for PBXNativeTarget "iovSampleTests" */;
			buildPhases = (
				6497815E17E10C4300DC9FF9 /* Sources */,
				6497815F17E10C4300DC9FF9 /* Frameworks */,
				6497816017E10C4300DC9FF9 /* Resources */,
			);
			buildRules = (
			);
			dependencies = (
				6497816817E10C4300DC9FF9 /* PBXTargetDependency */,
			);
			name = iovSampleTests;
			productName = iovSampleTests;
			productReference = 6497816217E10C4300DC9FF9 /* iovSampleTests.xctest */;
			productType = "com.apple.product-type.bundle.unit-test";
		};
/* End PBXNativeTarget section */

/* Begin PBXProject section */
		6497813617E10C4300DC9FF9 /* Project object */ = {
			isa = PBXProject;
			attributes = {
				LastSwiftUpdateCheck = 0700;
				LastUpgradeCheck = 0710;
				ORGANIZATIONNAME = "iovation, Inc.";
				TargetAttributes = {
					6497813D17E10C4300DC9FF9 = {
						DevelopmentTeam = 36BVZ544YC;
						SystemCapabilities = {
							com.apple.Keychain = {
								enabled = 1;
							};
							com.apple.WAC = {
								enabled = 0;
							};
						};
					};
					6497816117E10C4300DC9FF9 = {
						TestTargetID = 6497813D17E10C4300DC9FF9;
					};
				};
			};
			buildConfigurationList = 6497813917E10C4300DC9FF9 /* Build configuration list for PBXProject "iovSample" */;
			compatibilityVersion = "Xcode 3.2";
			developmentRegion = English;
			hasScannedForEncodings = 0;
			knownRegions = (
				en,
				Base,
			);
			mainGroup = 6497813517E10C4300DC9FF9;
			productRefGroup = 6497813F17E10C4300DC9FF9 /* Products */;
			projectDirPath = "";
			projectRoot = "";
			targets = (
				6497813D17E10C4300DC9FF9 /* iovSample */,
				6497816117E10C4300DC9FF9 /* iovSampleTests */,
			);
		};
/* End PBXProject section */

/* Begin PBXResourcesBuildPhase section */
		6497813C17E10C4300DC9FF9 /* Resources */ = {
			isa = PBXResourcesBuildPhase;
			buildActionMask = 2147483647;
			files = (
				63A1357319DF482F007E060D /* webkit.html in Resources */,
				6497815D17E10C4300DC9FF9 /* Images.xcassets in Resources */,
				6497814C17E10C4300DC9FF9 /* InfoPlist.strings in Resources */,
				440432A9218CE5AA0083507F /* Main.storyboard in Resources */,
			);
			runOnlyForDeploymentPostprocessing = 0;
		};
		6497816017E10C4300DC9FF9 /* Resources */ = {
			isa = PBXResourcesBuildPhase;
			buildActionMask = 2147483647;
			files = (
				6497816E17E10C4300DC9FF9 /* InfoPlist.strings in Resources */,
			);
			runOnlyForDeploymentPostprocessing = 0;
		};
/* End PBXResourcesBuildPhase section */

/* Begin PBXShellScriptBuildPhase section */
		4432AEA01F02EC9500A92B39 /* Slim Frameworks For Build */ = {
			isa = PBXShellScriptBuildPhase;
			buildActionMask = 2147483647;
			files = (
			);
			inputPaths = (
			);
			name = "Slim Frameworks For Build";
			outputPaths = (
			);
			runOnlyForDeploymentPostprocessing = 0;
			shellPath = /bin/sh;
			shellScript = "bin/slim-build-frameworks.sh";
		};
/* End PBXShellScriptBuildPhase section */

/* Begin PBXSourcesBuildPhase section */
		6497813A17E10C4300DC9FF9 /* Sources */ = {
			isa = PBXSourcesBuildPhase;
			buildActionMask = 2147483647;
			files = (
				6497815B17E10C4300DC9FF9 /* SampleUIKitViewController.m in Sources */,
				637D70861B9F97090077CBCE /* SampleWebKitViewController.m in Sources */,
				6497815217E10C4300DC9FF9 /* AppDelegate.m in Sources */,
				6497814E17E10C4300DC9FF9 /* main.m in Sources */,
			);
			runOnlyForDeploymentPostprocessing = 0;
		};
		6497815E17E10C4300DC9FF9 /* Sources */ = {
			isa = PBXSourcesBuildPhase;
			buildActionMask = 2147483647;
			files = (
				6497817017E10C4300DC9FF9 /* iovSampleTests.m in Sources */,
			);
			runOnlyForDeploymentPostprocessing = 0;
		};
/* End PBXSourcesBuildPhase section */

/* Begin PBXTargetDependency section */
		6497816817E10C4300DC9FF9 /* PBXTargetDependency */ = {
			isa = PBXTargetDependency;
			target = 6497813D17E10C4300DC9FF9 /* iovSample */;
			targetProxy = 6497816717E10C4300DC9FF9 /* PBXContainerItemProxy */;
		};
/* End PBXTargetDependency section */

/* Begin PBXVariantGroup section */
		440432A7218CE5AA0083507F /* Main.storyboard */ = {
			isa = PBXVariantGroup;
			children = (
				440432A8218CE5AA0083507F /* en */,
			);
			name = Main.storyboard;
			sourceTree = "<group>";
		};
		6497814A17E10C4300DC9FF9 /* InfoPlist.strings */ = {
			isa = PBXVariantGroup;
			children = (
				6497814B17E10C4300DC9FF9 /* en */,
			);
			name = InfoPlist.strings;
			sourceTree = "<group>";
		};
		6497816C17E10C4300DC9FF9 /* InfoPlist.strings */ = {
			isa = PBXVariantGroup;
			children = (
				6497816D17E10C4300DC9FF9 /* en */,
			);
			name = InfoPlist.strings;
			sourceTree = "<group>";
		};
/* End PBXVariantGroup section */

/* Begin XCBuildConfiguration section */
		6497817117E10C4300DC9FF9 /* Debug */ = {
			isa = XCBuildConfiguration;
			buildSettings = {
				ALWAYS_SEARCH_USER_PATHS = NO;
				ARCHS = (
					"$(ARCHS_STANDARD)",
					armv7s,
				);
				CLANG_ANALYZER_SECURITY_FLOATLOOPCOUNTER = YES;
				CLANG_ANALYZER_SECURITY_INSECUREAPI_RAND = YES;
				CLANG_CXX_LANGUAGE_STANDARD = "gnu++0x";
				CLANG_CXX_LIBRARY = "libc++";
				CLANG_ENABLE_MODULES = YES;
				CLANG_ENABLE_OBJC_ARC = YES;
				CLANG_WARN_BOOL_CONVERSION = YES;
				CLANG_WARN_CONSTANT_CONVERSION = YES;
				CLANG_WARN_DEPRECATED_OBJC_IMPLEMENTATIONS = YES;
				CLANG_WARN_DIRECT_OBJC_ISA_USAGE = YES_ERROR;
				CLANG_WARN_EMPTY_BODY = YES;
				CLANG_WARN_ENUM_CONVERSION = YES;
				CLANG_WARN_IMPLICIT_SIGN_CONVERSION = YES;
				CLANG_WARN_INT_CONVERSION = YES;
				CLANG_WARN_OBJC_IMPLICIT_RETAIN_SELF = YES;
				CLANG_WARN_OBJC_ROOT_CLASS = YES_ERROR;
				CLANG_WARN_SUSPICIOUS_IMPLICIT_CONVERSION = YES;
				CLANG_WARN__DUPLICATE_METHOD_MATCH = YES;
				"CODE_SIGN_IDENTITY[sdk=iphoneos*]" = "iPhone Developer";
				COPY_PHASE_STRIP = NO;
				ENABLE_TESTABILITY = YES;
				GCC_C_LANGUAGE_STANDARD = gnu99;
				GCC_DYNAMIC_NO_PIC = NO;
				GCC_OPTIMIZATION_LEVEL = 0;
				GCC_PREPROCESSOR_DEFINITIONS = (
					"DEBUG=1",
					"$(inherited)",
				);
				GCC_SYMBOLS_PRIVATE_EXTERN = NO;
				GCC_TREAT_WARNINGS_AS_ERRORS = YES;
				GCC_WARN_64_TO_32_BIT_CONVERSION = YES;
				GCC_WARN_ABOUT_MISSING_FIELD_INITIALIZERS = YES;
				GCC_WARN_ABOUT_MISSING_NEWLINE = YES;
				GCC_WARN_ABOUT_RETURN_TYPE = YES_ERROR;
				GCC_WARN_INITIALIZER_NOT_FULLY_BRACKETED = YES;
				GCC_WARN_SHADOW = YES;
				GCC_WARN_SIGN_COMPARE = YES;
				GCC_WARN_UNDECLARED_SELECTOR = YES;
				GCC_WARN_UNINITIALIZED_AUTOS = YES;
				GCC_WARN_UNUSED_FUNCTION = YES;
				GCC_WARN_UNUSED_LABEL = YES;
				GCC_WARN_UNUSED_VARIABLE = YES;
				IPHONEOS_DEPLOYMENT_TARGET = 7.0;
				ONLY_ACTIVE_ARCH = YES;
				OTHER_CFLAGS = (
					"-Wextra",
					"-Wunreachable-code",
					"-Wno-unused-parameter",
				);
				RUN_CLANG_STATIC_ANALYZER = YES;
				SDKROOT = iphoneos;
				TARGETED_DEVICE_FAMILY = "1,2";
			};
			name = Debug;
		};
		6497817217E10C4300DC9FF9 /* Release */ = {
			isa = XCBuildConfiguration;
			buildSettings = {
				ALWAYS_SEARCH_USER_PATHS = NO;
				ARCHS = (
					"$(ARCHS_STANDARD)",
					armv7s,
				);
				CLANG_ANALYZER_SECURITY_FLOATLOOPCOUNTER = YES;
				CLANG_ANALYZER_SECURITY_INSECUREAPI_RAND = YES;
				CLANG_CXX_LANGUAGE_STANDARD = "gnu++0x";
				CLANG_CXX_LIBRARY = "libc++";
				CLANG_ENABLE_MODULES = YES;
				CLANG_ENABLE_OBJC_ARC = YES;
				CLANG_WARN_BOOL_CONVERSION = YES;
				CLANG_WARN_CONSTANT_CONVERSION = YES;
				CLANG_WARN_DEPRECATED_OBJC_IMPLEMENTATIONS = YES;
				CLANG_WARN_DIRECT_OBJC_ISA_USAGE = YES_ERROR;
				CLANG_WARN_EMPTY_BODY = YES;
				CLANG_WARN_ENUM_CONVERSION = YES;
				CLANG_WARN_IMPLICIT_SIGN_CONVERSION = YES;
				CLANG_WARN_INT_CONVERSION = YES;
				CLANG_WARN_OBJC_IMPLICIT_RETAIN_SELF = YES;
				CLANG_WARN_OBJC_ROOT_CLASS = YES_ERROR;
				CLANG_WARN_SUSPICIOUS_IMPLICIT_CONVERSION = YES;
				CLANG_WARN__DUPLICATE_METHOD_MATCH = YES;
				"CODE_SIGN_IDENTITY[sdk=iphoneos*]" = "iPhone Developer";
				COPY_PHASE_STRIP = YES;
				ENABLE_NS_ASSERTIONS = NO;
				GCC_C_LANGUAGE_STANDARD = gnu99;
				GCC_TREAT_WARNINGS_AS_ERRORS = YES;
				GCC_WARN_64_TO_32_BIT_CONVERSION = YES;
				GCC_WARN_ABOUT_MISSING_FIELD_INITIALIZERS = YES;
				GCC_WARN_ABOUT_MISSING_NEWLINE = YES;
				GCC_WARN_ABOUT_RETURN_TYPE = YES_ERROR;
				GCC_WARN_INITIALIZER_NOT_FULLY_BRACKETED = YES;
				GCC_WARN_SHADOW = YES;
				GCC_WARN_SIGN_COMPARE = YES;
				GCC_WARN_UNDECLARED_SELECTOR = YES;
				GCC_WARN_UNINITIALIZED_AUTOS = YES;
				GCC_WARN_UNUSED_FUNCTION = YES;
				GCC_WARN_UNUSED_LABEL = YES;
				GCC_WARN_UNUSED_VARIABLE = YES;
				IPHONEOS_DEPLOYMENT_TARGET = 7.0;
				OTHER_CFLAGS = (
					"-Wextra",
					"-Wunreachable-code",
					"-Wno-unused-parameter",
				);
				RUN_CLANG_STATIC_ANALYZER = YES;
				SDKROOT = iphoneos;
				TARGETED_DEVICE_FAMILY = "1,2";
				VALIDATE_PRODUCT = YES;
			};
			name = Release;
		};
		6497817417E10C4300DC9FF9 /* Debug */ = {
			isa = XCBuildConfiguration;
			buildSettings = {
				ASSETCATALOG_COMPILER_APPICON_NAME = AppIcon;
				ASSETCATALOG_COMPILER_LAUNCHIMAGE_NAME = LaunchImage;
				CLANG_ENABLE_MODULES = YES;
				CODE_SIGN_ENTITLEMENTS = iovSample/iovSample.entitlements;
				CODE_SIGN_IDENTITY = "iPhone Developer";
				"CODE_SIGN_IDENTITY[sdk=iphoneos*]" = "iPhone Developer";
				FRAMEWORK_SEARCH_PATHS = (
					"$(inherited)",
					"$(PROJECT_DIR)/Frameworks-build",
				);
				GCC_PRECOMPILE_PREFIX_HEADER = YES;
				GCC_PREFIX_HEADER = "iovSample/iovSample-Prefix.pch";
				GCC_TREAT_WARNINGS_AS_ERRORS = NO;
				INFOPLIST_FILE = "iovSample/iovSample-Info.plist";
				IPHONEOS_DEPLOYMENT_TARGET = 9.0;
				LD_RUNPATH_SEARCH_PATHS = "$(inherited) @executable_path/Frameworks";
				LIBRARY_SEARCH_PATHS = (
					"$(inherited)",
					.,
				);
				OTHER_LDFLAGS = "-ObjC";
				PRODUCT_BUNDLE_IDENTIFIER = "com.iovation.${PRODUCT_NAME:rfc1034identifier}";
				PRODUCT_NAME = "$(TARGET_NAME)";
				PROVISIONING_PROFILE = "";
				SWIFT_OBJC_BRIDGING_HEADER = "iovSample/iovSample-Bridging-Header.h";
				SWIFT_OPTIMIZATION_LEVEL = "-Onone";
				WRAPPER_EXTENSION = app;
			};
			name = Debug;
		};
		6497817517E10C4300DC9FF9 /* Release */ = {
			isa = XCBuildConfiguration;
			buildSettings = {
				ASSETCATALOG_COMPILER_APPICON_NAME = AppIcon;
				ASSETCATALOG_COMPILER_LAUNCHIMAGE_NAME = LaunchImage;
				CLANG_ENABLE_MODULES = YES;
				CODE_SIGN_ENTITLEMENTS = iovSample/iovSample.entitlements;
				CODE_SIGN_IDENTITY = "iPhone Developer";
				"CODE_SIGN_IDENTITY[sdk=iphoneos*]" = "iPhone Developer";
				FRAMEWORK_SEARCH_PATHS = (
					"$(inherited)",
					"$(PROJECT_DIR)/Frameworks-build",
				);
				GCC_PRECOMPILE_PREFIX_HEADER = YES;
				GCC_PREFIX_HEADER = "iovSample/iovSample-Prefix.pch";
				GCC_TREAT_WARNINGS_AS_ERRORS = NO;
				INFOPLIST_FILE = "iovSample/iovSample-Info.plist";
				IPHONEOS_DEPLOYMENT_TARGET = 9.0;
				LD_RUNPATH_SEARCH_PATHS = "$(inherited) @executable_path/Frameworks";
				LIBRARY_SEARCH_PATHS = (
					"$(inherited)",
					.,
				);
				OTHER_LDFLAGS = "-ObjC";
				PRODUCT_BUNDLE_IDENTIFIER = "com.iovation.${PRODUCT_NAME:rfc1034identifier}";
				PRODUCT_NAME = "$(TARGET_NAME)";
				PROVISIONING_PROFILE = "";
				SWIFT_OBJC_BRIDGING_HEADER = "iovSample/iovSample-Bridging-Header.h";
				WRAPPER_EXTENSION = app;
			};
			name = Release;
		};
		6497817717E10C4300DC9FF9 /* Debug */ = {
			isa = XCBuildConfiguration;
			buildSettings = {
				BUNDLE_LOADER = "$(BUILT_PRODUCTS_DIR)/iovSample.app/iovSample";
				FRAMEWORK_SEARCH_PATHS = (
					"$(SDKROOT)/Developer/Library/Frameworks",
					"$(inherited)",
					"$(DEVELOPER_FRAMEWORKS_DIR)",
				);
				GCC_PRECOMPILE_PREFIX_HEADER = YES;
				GCC_PREFIX_HEADER = "iovSample/iovSample-Prefix.pch";
				GCC_PREPROCESSOR_DEFINITIONS = (
					"DEBUG=1",
					"$(inherited)",
				);
				INFOPLIST_FILE = "iovSampleTests/iovSampleTests-Info.plist";
				PRODUCT_BUNDLE_IDENTIFIER = "com.iovation.${PRODUCT_NAME:rfc1034identifier}";
				PRODUCT_NAME = "$(TARGET_NAME)";
				TEST_HOST = "$(BUNDLE_LOADER)";
				WRAPPER_EXTENSION = xctest;
			};
			name = Debug;
		};
		6497817817E10C4300DC9FF9 /* Release */ = {
			isa = XCBuildConfiguration;
			buildSettings = {
				BUNDLE_LOADER = "$(BUILT_PRODUCTS_DIR)/iovSample.app/iovSample";
				FRAMEWORK_SEARCH_PATHS = (
					"$(SDKROOT)/Developer/Library/Frameworks",
					"$(inherited)",
					"$(DEVELOPER_FRAMEWORKS_DIR)",
				);
				GCC_PRECOMPILE_PREFIX_HEADER = YES;
				GCC_PREFIX_HEADER = "iovSample/iovSample-Prefix.pch";
				INFOPLIST_FILE = "iovSampleTests/iovSampleTests-Info.plist";
				PRODUCT_BUNDLE_IDENTIFIER = "com.iovation.${PRODUCT_NAME:rfc1034identifier}";
				PRODUCT_NAME = "$(TARGET_NAME)";
				TEST_HOST = "$(BUNDLE_LOADER)";
				WRAPPER_EXTENSION = xctest;
			};
			name = Release;
		};
/* End XCBuildConfiguration section */

/* Begin XCConfigurationList section */
		6497813917E10C4300DC9FF9 /* Build configuration list for PBXProject "iovSample" */ = {
			isa = XCConfigurationList;
			buildConfigurations = (
				6497817117E10C4300DC9FF9 /* Debug */,
				6497817217E10C4300DC9FF9 /* Release */,
			);
			defaultConfigurationIsVisible = 0;
			defaultConfigurationName = Release;
		};
		6497817317E10C4300DC9FF9 /* Build configuration list for PBXNativeTarget "iovSample" */ = {
			isa = XCConfigurationList;
			buildConfigurations = (
				6497817417E10C4300DC9FF9 /* Debug */,
				6497817517E10C4300DC9FF9 /* Release */,
			);
			defaultConfigurationIsVisible = 0;
			defaultConfigurationName = Release;
		};
		6497817617E10C4300DC9FF9 /* Build configuration list for PBXNativeTarget "iovSampleTests" */ = {
			isa = XCConfigurationList;
			buildConfigurations = (
				6497817717E10C4300DC9FF9 /* Debug */,
				6497817817E10C4300DC9FF9 /* Release */,
			);
			defaultConfigurationIsVisible = 0;
			defaultConfigurationName = Release;
		};
/* End XCConfigurationList section */
	};
	rootObject = 6497813617E10C4300DC9FF9 /* Project object */;
}
