// !$*UTF8*$!
{
	archiveVersion = 1;
	classes = {
	};
	objectVersion = 46;
	objects = {

/* Begin PBXBuildFile section */
		442856201EA95DDF00D0C4C8 /* SampleUIKitViewController.swift in Sources */ = {isa = PBXBuildFile; fileRef = 4428561F1EA95DDF00D0C4C8 /* SampleUIKitViewController.swift */; };
		442856221EA95DDF00D0C4C8 /* SampleWKWebViewViewController.swift in Sources */ = {isa = PBXBuildFile; fileRef = 442856211EA95DDF00D0C4C8 /* SampleWKWebViewViewController.swift */; };
		442856251EA95DDF00D0C4C8 /* Main.storyboard in Resources */ = {isa = PBXBuildFile; fileRef = 442856231EA95DDF00D0C4C8 /* Main.storyboard */; };
		442856271EA95DDF00D0C4C8 /* Assets.xcassets in Resources */ = {isa = PBXBuildFile; fileRef = 442856261EA95DDF00D0C4C8 /* Assets.xcassets */; };
		4428562A1EA95DDF00D0C4C8 /* LaunchScreen.storyboard in Resources */ = {isa = PBXBuildFile; fileRef = 442856281EA95DDF00D0C4C8 /* LaunchScreen.storyboard */; };
		4428563C1EA97B8400D0C4C8 /* AppDelegate.swift in Sources */ = {isa = PBXBuildFile; fileRef = 4428561D1EA95DDF00D0C4C8 /* AppDelegate.swift */; };
		4432AE901EFB32B300A92B39 /* webkit.html in Resources */ = {isa = PBXBuildFile; fileRef = 4432AE8F1EFB32B300A92B39 /* webkit.html */; };
		4432AE9A1F01CAB700A92B39 /* FraudForce.framework in Frameworks */ = {isa = PBXBuildFile; fileRef = 4432AE991F01CAB700A92B39 /* FraudForce.framework */; };
		4432AE9B1F01CAB700A92B39 /* FraudForce.framework in Embed Frameworks */ = {isa = PBXBuildFile; fileRef = 4432AE991F01CAB700A92B39 /* FraudForce.framework */; settings = {ATTRIBUTES = (CodeSignOnCopy, RemoveHeadersOnCopy, ); }; };
/* End PBXBuildFile section */

/* Begin PBXCopyFilesBuildPhase section */
		446B7CF61EB413CF000D37AE /* Embed Frameworks */ = {
			isa = PBXCopyFilesBuildPhase;
			buildActionMask = 2147483647;
			dstPath = "";
			dstSubfolderSpec = 10;
			files = (
				4432AE9B1F01CAB700A92B39 /* FraudForce.framework in Embed Frameworks */,
			);
			name = "Embed Frameworks";
			runOnlyForDeploymentPostprocessing = 0;
		};
/* End PBXCopyFilesBuildPhase section */

/* Begin PBXFileReference section */
		4428561A1EA95DDF00D0C4C8 /* iovSampleSwift.app */ = {isa = PBXFileReference; explicitFileType = wrapper.application; includeInIndex = 0; path = iovSampleSwift.app; sourceTree = BUILT_PRODUCTS_DIR; };
		4428561D1EA95DDF00D0C4C8 /* AppDelegate.swift */ = {isa = PBXFileReference; lastKnownFileType = sourcecode.swift; path = AppDelegate.swift; sourceTree = "<group>"; };
		4428561F1EA95DDF00D0C4C8 /* SampleUIKitViewController.swift */ = {isa = PBXFileReference; lastKnownFileType = sourcecode.swift; path = SampleUIKitViewController.swift; sourceTree = "<group>"; };
		442856211EA95DDF00D0C4C8 /* SampleWKWebViewViewController.swift */ = {isa = PBXFileReference; lastKnownFileType = sourcecode.swift; path = SampleWKWebViewViewController.swift; sourceTree = "<group>"; };
		442856261EA95DDF00D0C4C8 /* Assets.xcassets */ = {isa = PBXFileReference; lastKnownFileType = folder.assetcatalog; path = Assets.xcassets; sourceTree = "<group>"; };
		4428562B1EA95DDF00D0C4C8 /* Info.plist */ = {isa = PBXFileReference; lastKnownFileType = text.plist.xml; path = Info.plist; sourceTree = "<group>"; };
		4432AE8F1EFB32B300A92B39 /* webkit.html */ = {isa = PBXFileReference; fileEncoding = 4; lastKnownFileType = text.html; path = webkit.html; sourceTree = "<group>"; };
		4432AE971F01963E00A92B39 /* add-framework-symbols-to-app-archive.sh */ = {isa = PBXFileReference; lastKnownFileType = text.script.sh; name = "add-framework-symbols-to-app-archive.sh"; path = "../bin/add-framework-symbols-to-app-archive.sh"; sourceTree = "<group>"; };
		4432AE981F01963E00A92B39 /* slim-build-frameworks.sh */ = {isa = PBXFileReference; lastKnownFileType = text.script.sh; name = "slim-build-frameworks.sh"; path = "../bin/slim-build-frameworks.sh"; sourceTree = "<group>"; };
		4432AE991F01CAB700A92B39 /* FraudForce.framework */ = {isa = PBXFileReference; lastKnownFileType = wrapper.framework; name = FraudForce.framework; path = "Frameworks-build/FraudForce.framework"; sourceTree = "<group>"; };
		44B4C9D61EAEBA0B00F7C40C /* en */ = {isa = PBXFileReference; lastKnownFileType = file.storyboard; name = en; path = en.lproj/Main.storyboard; sourceTree = "<group>"; };
		44B4C9DA1EAEBA4A00F7C40C /* en */ = {isa = PBXFileReference; lastKnownFileType = file.storyboard; name = en; path = en.lproj/LaunchScreen.storyboard; sourceTree = "<group>"; };
		44E17D651FAA8020000F7DF4 /* iovSampleSwift.entitlements */ = {isa = PBXFileReference; lastKnownFileType = text.plist.entitlements; path = iovSampleSwift.entitlements; sourceTree = "<group>"; };
/* End PBXFileReference section */

/* Begin PBXFrameworksBuildPhase section */
		442856171EA95DDF00D0C4C8 /* Frameworks */ = {
			isa = PBXFrameworksBuildPhase;
			buildActionMask = 2147483647;
			files = (
				4432AE9A1F01CAB700A92B39 /* FraudForce.framework in Frameworks */,
			);
			runOnlyForDeploymentPostprocessing = 0;
		};
/* End PBXFrameworksBuildPhase section */

/* Begin PBXGroup section */
		442856111EA95DDF00D0C4C8 = {
			isa = PBXGroup;
			children = (
				4432AE941F0195D800A92B39 /* bin */,
				4428561C1EA95DDF00D0C4C8 /* iovSampleSwift */,
				442856311EA9681F00D0C4C8 /* Frameworks */,
				4428561B1EA95DDF00D0C4C8 /* Products */,
			);
			sourceTree = "<group>";
		};
		4428561B1EA95DDF00D0C4C8 /* Products */ = {
			isa = PBXGroup;
			children = (
				4428561A1EA95DDF00D0C4C8 /* iovSampleSwift.app */,
			);
			name = Products;
			sourceTree = "<group>";
		};
		4428561C1EA95DDF00D0C4C8 /* iovSampleSwift */ = {
			isa = PBXGroup;
			children = (
				44E17D651FAA8020000F7DF4 /* iovSampleSwift.entitlements */,
				4428561D1EA95DDF00D0C4C8 /* AppDelegate.swift */,
				4428561F1EA95DDF00D0C4C8 /* SampleUIKitViewController.swift */,
				442856211EA95DDF00D0C4C8 /* SampleWKWebViewViewController.swift */,
				442856261EA95DDF00D0C4C8 /* Assets.xcassets */,
				442856281EA95DDF00D0C4C8 /* LaunchScreen.storyboard */,
				442856231EA95DDF00D0C4C8 /* Main.storyboard */,
				4428562B1EA95DDF00D0C4C8 /* Info.plist */,
				4432AE8F1EFB32B300A92B39 /* webkit.html */,
			);
			path = iovSampleSwift;
			sourceTree = "<group>";
		};
		442856311EA9681F00D0C4C8 /* Frameworks */ = {
			isa = PBXGroup;
			children = (
				4432AE991F01CAB700A92B39 /* FraudForce.framework */,
			);
			name = Frameworks;
			sourceTree = "<group>";
		};
		4432AE941F0195D800A92B39 /* bin */ = {
			isa = PBXGroup;
			children = (
				4432AE971F01963E00A92B39 /* add-framework-symbols-to-app-archive.sh */,
				4432AE981F01963E00A92B39 /* slim-build-frameworks.sh */,
			);
			path = bin;
			sourceTree = "<group>";
		};
/* End PBXGroup section */

/* Begin PBXNativeTarget section */
		442856191EA95DDF00D0C4C8 /* iovSampleSwift */ = {
			isa = PBXNativeTarget;
			buildConfigurationList = 4428562E1EA95DDF00D0C4C8 /* Build configuration list for PBXNativeTarget "iovSampleSwift" */;
			buildPhases = (
				440D5A081ECB98750031EC64 /* Slim Frameworks For Build */,
				442856161EA95DDF00D0C4C8 /* Sources */,
				442856171EA95DDF00D0C4C8 /* Frameworks */,
				442856181EA95DDF00D0C4C8 /* Resources */,
				446B7CF61EB413CF000D37AE /* Embed Frameworks */,
			);
			buildRules = (
			);
			dependencies = (
			);
			name = iovSampleSwift;
			productName = iovSwiftSample;
			productReference = 4428561A1EA95DDF00D0C4C8 /* iovSampleSwift.app */;
			productType = "com.apple.product-type.application";
		};
/* End PBXNativeTarget section */

/* Begin PBXProject section */
		442856121EA95DDF00D0C4C8 /* Project object */ = {
			isa = PBXProject;
			attributes = {
				LastSwiftUpdateCheck = 0820;
				LastUpgradeCheck = 0820;
				ORGANIZATIONNAME = "iovation Inc.";
				TargetAttributes = {
					442856191EA95DDF00D0C4C8 = {
						CreatedOnToolsVersion = 8.2.1;
						DevelopmentTeam = WY8P975J56;
						ProvisioningStyle = Automatic;
						SystemCapabilities = {
							com.apple.Keychain = {
								enabled = 1;
							};
						};
					};
				};
			};
			buildConfigurationList = 442856151EA95DDF00D0C4C8 /* Build configuration list for PBXProject "iovSampleSwift" */;
			compatibilityVersion = "Xcode 3.2";
			developmentRegion = English;
			hasScannedForEncodings = 0;
			knownRegions = (
				en,
				Base,
			);
			mainGroup = 442856111EA95DDF00D0C4C8;
			productRefGroup = 4428561B1EA95DDF00D0C4C8 /* Products */;
			projectDirPath = "";
			projectRoot = "";
			targets = (
				442856191EA95DDF00D0C4C8 /* iovSampleSwift */,
			);
		};
/* End PBXProject section */

/* Begin PBXResourcesBuildPhase section */
		442856181EA95DDF00D0C4C8 /* Resources */ = {
			isa = PBXResourcesBuildPhase;
			buildActionMask = 2147483647;
			files = (
				4432AE901EFB32B300A92B39 /* webkit.html in Resources */,
				4428562A1EA95DDF00D0C4C8 /* LaunchScreen.storyboard in Resources */,
				442856271EA95DDF00D0C4C8 /* Assets.xcassets in Resources */,
				442856251EA95DDF00D0C4C8 /* Main.storyboard in Resources */,
			);
			runOnlyForDeploymentPostprocessing = 0;
		};
/* End PBXResourcesBuildPhase section */

/* Begin PBXShellScriptBuildPhase section */
		440D5A081ECB98750031EC64 /* Slim Frameworks For Build */ = {
			isa = PBXShellScriptBuildPhase;
			buildActionMask = 2147483647;
			files = (
			);
			inputPaths = (
			);
			name = "Slim Frameworks For Build";
			outputPaths = (
			);
			runOnlyForDeploymentPostprocessing = 0;
			shellPath = /bin/sh;
			shellScript = "bin/slim-build-frameworks.sh";
		};
/* End PBXShellScriptBuildPhase section */

/* Begin PBXSourcesBuildPhase section */
		442856161EA95DDF00D0C4C8 /* Sources */ = {
			isa = PBXSourcesBuildPhase;
			buildActionMask = 2147483647;
			files = (
				4428563C1EA97B8400D0C4C8 /* AppDelegate.swift in Sources */,
				442856221EA95DDF00D0C4C8 /* SampleWKWebViewViewController.swift in Sources */,
				442856201EA95DDF00D0C4C8 /* SampleUIKitViewController.swift in Sources */,
			);
			runOnlyForDeploymentPostprocessing = 0;
		};
/* End PBXSourcesBuildPhase section */

/* Begin PBXVariantGroup section */
		442856231EA95DDF00D0C4C8 /* Main.storyboard */ = {
			isa = PBXVariantGroup;
			children = (
				44B4C9D61EAEBA0B00F7C40C /* en */,
			);
			name = Main.storyboard;
			sourceTree = "<group>";
		};
		442856281EA95DDF00D0C4C8 /* LaunchScreen.storyboard */ = {
			isa = PBXVariantGroup;
			children = (
				44B4C9DA1EAEBA4A00F7C40C /* en */,
			);
			name = LaunchScreen.storyboard;
			sourceTree = "<group>";
		};
/* End PBXVariantGroup section */

/* Begin XCBuildConfiguration section */
		4428562C1EA95DDF00D0C4C8 /* Debug */ = {
			isa = XCBuildConfiguration;
			buildSettings = {
				ALWAYS_SEARCH_USER_PATHS = NO;
				CLANG_ANALYZER_NONNULL = YES;
				CLANG_CXX_LANGUAGE_STANDARD = "gnu++0x";
				CLANG_CXX_LIBRARY = "libc++";
				CLANG_ENABLE_MODULES = YES;
				CLANG_ENABLE_OBJC_ARC = YES;
				CLANG_WARN_BOOL_CONVERSION = YES;
				CLANG_WARN_CONSTANT_CONVERSION = YES;
				CLANG_WARN_DIRECT_OBJC_ISA_USAGE = YES_ERROR;
				CLANG_WARN_DOCUMENTATION_COMMENTS = YES;
				CLANG_WARN_EMPTY_BODY = YES;
				CLANG_WARN_ENUM_CONVERSION = YES;
				CLANG_WARN_INFINITE_RECURSION = YES;
				CLANG_WARN_INT_CONVERSION = YES;
				CLANG_WARN_OBJC_ROOT_CLASS = YES_ERROR;
				CLANG_WARN_SUSPICIOUS_MOVE = YES;
				CLANG_WARN_UNREACHABLE_CODE = YES;
				CLANG_WARN__DUPLICATE_METHOD_MATCH = YES;
				"CODE_SIGN_IDENTITY[sdk=iphoneos*]" = "iPhone Developer";
				COPY_PHASE_STRIP = NO;
				DEBUG_INFORMATION_FORMAT = dwarf;
				ENABLE_STRICT_OBJC_MSGSEND = YES;
				ENABLE_TESTABILITY = YES;
				GCC_C_LANGUAGE_STANDARD = gnu99;
				GCC_DYNAMIC_NO_PIC = NO;
				GCC_NO_COMMON_BLOCKS = YES;
				GCC_OPTIMIZATION_LEVEL = 0;
				GCC_PREPROCESSOR_DEFINITIONS = (
					"DEBUG=1",
					"$(inherited)",
				);
				GCC_WARN_64_TO_32_BIT_CONVERSION = YES;
				GCC_WARN_ABOUT_RETURN_TYPE = YES_ERROR;
				GCC_WARN_UNDECLARED_SELECTOR = YES;
				GCC_WARN_UNINITIALIZED_AUTOS = YES_AGGRESSIVE;
				GCC_WARN_UNUSED_FUNCTION = YES;
				GCC_WARN_UNUSED_VARIABLE = YES;
				IPHONEOS_DEPLOYMENT_TARGET = 10.2;
				MTL_ENABLE_DEBUG_INFO = YES;
				ONLY_ACTIVE_ARCH = YES;
				SDKROOT = iphoneos;
				SWIFT_ACTIVE_COMPILATION_CONDITIONS = DEBUG;
				SWIFT_OPTIMIZATION_LEVEL = "-Onone";
				TARGETED_DEVICE_FAMILY = "1,2";
			};
			name = Debug;
		};
		4428562D1EA95DDF00D0C4C8 /* Release */ = {
			isa = XCBuildConfiguration;
			buildSettings = {
				ALWAYS_SEARCH_USER_PATHS = NO;
				CLANG_ANALYZER_NONNULL = YES;
				CLANG_CXX_LANGUAGE_STANDARD = "gnu++0x";
				CLANG_CXX_LIBRARY = "libc++";
				CLANG_ENABLE_MODULES = YES;
				CLANG_ENABLE_OBJC_ARC = YES;
				CLANG_WARN_BOOL_CONVERSION = YES;
				CLANG_WARN_CONSTANT_CONVERSION = YES;
				CLANG_WARN_DIRECT_OBJC_ISA_USAGE = YES_ERROR;
				CLANG_WARN_DOCUMENTATION_COMMENTS = YES;
				CLANG_WARN_EMPTY_BODY = YES;
				CLANG_WARN_ENUM_CONVERSION = YES;
				CLANG_WARN_INFINITE_RECURSION = YES;
				CLANG_WARN_INT_CONVERSION = YES;
				CLANG_WARN_OBJC_ROOT_CLASS = YES_ERROR;
				CLANG_WARN_SUSPICIOUS_MOVE = YES;
				CLANG_WARN_UNREACHABLE_CODE = YES;
				CLANG_WARN__DUPLICATE_METHOD_MATCH = YES;
				"CODE_SIGN_IDENTITY[sdk=iphoneos*]" = "iPhone Developer";
				COPY_PHASE_STRIP = NO;
				DEBUG_INFORMATION_FORMAT = "dwarf-with-dsym";
				ENABLE_NS_ASSERTIONS = NO;
				ENABLE_STRICT_OBJC_MSGSEND = YES;
				GCC_C_LANGUAGE_STANDARD = gnu99;
				GCC_NO_COMMON_BLOCKS = YES;
				GCC_WARN_64_TO_32_BIT_CONVERSION = YES;
				GCC_WARN_ABOUT_RETURN_TYPE = YES_ERROR;
				GCC_WARN_UNDECLARED_SELECTOR = YES;
				GCC_WARN_UNINITIALIZED_AUTOS = YES_AGGRESSIVE;
				GCC_WARN_UNUSED_FUNCTION = YES;
				GCC_WARN_UNUSED_VARIABLE = YES;
				IPHONEOS_DEPLOYMENT_TARGET = 10.2;
				MTL_ENABLE_DEBUG_INFO = NO;
				SDKROOT = iphoneos;
				SWIFT_OPTIMIZATION_LEVEL = "-Owholemodule";
				TARGETED_DEVICE_FAMILY = "1,2";
				VALIDATE_PRODUCT = YES;
			};
			name = Release;
		};
		4428562F1EA95DDF00D0C4C8 /* Debug */ = {
			isa = XCBuildConfiguration;
			buildSettings = {
				ASSETCATALOG_COMPILER_APPICON_NAME = AppIcon;
				CODE_SIGN_ENTITLEMENTS = iovSampleSwift/iovSampleSwift.entitlements;
				DEVELOPMENT_TEAM = WY8P975J56;
				FRAMEWORK_SEARCH_PATHS = (
					"$(inherited)",
					"$(PROJECT_DIR)/Frameworks-build",
				);
				INFOPLIST_FILE = "$(SRCROOT)/iovSampleSwift/Info.plist";
				IPHONEOS_DEPLOYMENT_TARGET = 9.0;
				LD_RUNPATH_SEARCH_PATHS = "$(inherited) @executable_path/Frameworks";
				PRODUCT_BUNDLE_IDENTIFIER = com.iovation.iovSampleSwift;
				PRODUCT_NAME = "$(TARGET_NAME)";
				SWIFT_VERSION = 4.2;
			};
			name = Debug;
		};
		442856301EA95DDF00D0C4C8 /* Release */ = {
			isa = XCBuildConfiguration;
			buildSettings = {
				ASSETCATALOG_COMPILER_APPICON_NAME = AppIcon;
				CODE_SIGN_ENTITLEMENTS = iovSampleSwift/iovSampleSwift.entitlements;
				DEVELOPMENT_TEAM = WY8P975J56;
				FRAMEWORK_SEARCH_PATHS = (
					"$(inherited)",
					"$(PROJECT_DIR)/Frameworks-build",
				);
				INFOPLIST_FILE = "$(SRCROOT)/iovSampleSwift/Info.plist";
				IPHONEOS_DEPLOYMENT_TARGET = 9.0;
				LD_RUNPATH_SEARCH_PATHS = "$(inherited) @executable_path/Frameworks";
				PRODUCT_BUNDLE_IDENTIFIER = com.iovation.iovSampleSwift;
				PRODUCT_NAME = "$(TARGET_NAME)";
				SWIFT_VERSION = 4.2;
			};
			name = Release;
		};
/* End XCBuildConfiguration section */

/* Begin XCConfigurationList section */
		442856151EA95DDF00D0C4C8 /* Build configuration list for PBXProject "iovSampleSwift" */ = {
			isa = XCConfigurationList;
			buildConfigurations = (
				4428562C1EA95DDF00D0C4C8 /* Debug */,
				4428562D1EA95DDF00D0C4C8 /* Release */,
			);
			defaultConfigurationIsVisible = 0;
			defaultConfigurationName = Release;
		};
		4428562E1EA95DDF00D0C4C8 /* Build configuration list for PBXNativeTarget "iovSampleSwift" */ = {
			isa = XCConfigurationList;
			buildConfigurations = (
				4428562F1EA95DDF00D0C4C8 /* Debug */,
				442856301EA95DDF00D0C4C8 /* Release */,
			);
			defaultConfigurationIsVisible = 0;
			defaultConfigurationName = Release;
		};
/* End XCConfigurationList section */
	};
	rootObject = 442856121EA95DDF00D0C4C8 /* Project object */;
}
